
Microsoft Visual Studio Solution File, Format Version 12.00
# Visual Studio Version 17
VisualStudioVersion = 17.7.34031.279
MinimumVisualStudioVersion = 10.0.40219.1
Project("{FAE04EC0-301F-11D3-BF4B-00C04F79EFBC}") = "ImageProcessing", "ImageProcessing\ImageProcessing.csproj", "{AB97D697-48A0-4011-A2E9-97BF55A2905F}"
EndProject
Global
	GlobalSection(SolutionConfigurationPlatforms) = preSolution
		Debug|Any CPU = Debug|Any CPU
		Release|Any CPU = Release|Any CPU
	EndGlobalSection
	GlobalSection(ProjectConfigurationPlatforms) = postSolution
		{AB97D697-48A0-4011-A2E9-97BF55A2905F}.Debug|Any CPU.ActiveCfg = Debug|Any CPU
		{AB97D697-48A0-4011-A2E9-97BF55A2905F}.Debug|Any CPU.Build.0 = Debug|Any CPU
		{AB97D697-48A0-4011-A2E9-97BF55A2905F}.Release|Any CPU.ActiveCfg = Release|Any CPU
		{AB97D697-48A0-4011-A2E9-97BF55A2905F}.Release|Any CPU.Build.0 = Release|Any CPU
	EndGlobalSection
	GlobalSection(SolutionProperties) = preSolution
		HideSolutionNode = FALSE
	EndGlobalSection
	GlobalSection(ExtensibilityGlobals) = postSolution
		SolutionGuid = {4EA51E98-8264-40A2-966C-64BD91467D8D}
	EndGlobalSection
EndGlobal
